
Microsoft Visual Studio Solution File, Format Version 12.00
# Visual Studio Version 17
VisualStudioVersion = 17.0.31903.59
MinimumVisualStudioVersion = 10.0.40219.1
Project("{FAE04EC0-301F-11D3-BF4B-00C04F79EFBC}") = "NewTalents", "NewTalents\NewTalents.csproj", "{0D4B733F-736F-4D37-82B5-49E3316DBD29}"
EndProject
Project("{FAE04EC0-301F-11D3-BF4B-00C04F79EFBC}") = "NewTalentsTests", "NewTalentsTests\NewTalentsTests.csproj", "{6BF62C6C-56C8-4D93-BB48-B9FE9F1AD230}"
EndProject
Global
	GlobalSection(SolutionConfigurationPlatforms) = preSolution
		Debug|Any CPU = Debug|Any CPU
		Release|Any CPU = Release|Any CPU
	EndGlobalSection
	GlobalSection(SolutionProperties) = preSolution
		HideSolutionNode = FALSE
	EndGlobalSection
	GlobalSection(ProjectConfigurationPlatforms) = postSolution
		{0D4B733F-736F-4D37-82B5-49E3316DBD29}.Debug|Any CPU.ActiveCfg = Debug|Any CPU
		{0D4B733F-736F-4D37-82B5-49E3316DBD29}.Debug|Any CPU.Build.0 = Debug|Any CPU
		{0D4B733F-736F-4D37-82B5-49E3316DBD29}.Release|Any CPU.ActiveCfg = Release|Any CPU
		{0D4B733F-736F-4D37-82B5-49E3316DBD29}.Release|Any CPU.Build.0 = Release|Any CPU
		{6BF62C6C-56C8-4D93-BB48-B9FE9F1AD230}.Debug|Any CPU.ActiveCfg = Debug|Any CPU
		{6BF62C6C-56C8-4D93-BB48-B9FE9F1AD230}.Debug|Any CPU.Build.0 = Debug|Any CPU
		{6BF62C6C-56C8-4D93-BB48-B9FE9F1AD230}.Release|Any CPU.ActiveCfg = Release|Any CPU
		{6BF62C6C-56C8-4D93-BB48-B9FE9F1AD230}.Release|Any CPU.Build.0 = Release|Any CPU
	EndGlobalSection
EndGlobal
